<?xml version="1.0" encoding="utf-8"?>
<Project ToolsVersion="4.0" xmlns="http://schemas.microsoft.com/developer/msbuild/2003">
  <ItemGroup>
    <Filter Include="Source Files">
      <UniqueIdentifier>{4FC737F1-C7A5-4376-A066-2A32D752A2FF}</UniqueIdentifier>
      <Extensions>cpp;c;cc;cxx;def;odl;idl;hpj;bat;asm;asmx</Extensions>
    </Filter>
    <Filter Include="Header Files">
      <UniqueIdentifier>{93995380-89BD-4b04-88EB-625FBE52EBFB}</UniqueIdentifier>
      <Extensions>h;hh;hpp;hxx;hm;inl;inc;xsd</Extensions>
    </Filter>
    <Filter Include="Resource Files">
      <UniqueIdentifier>{67DA6AB6-F800-4c08-8B7A-83BB121AAD01}</UniqueIdentifier>
      <Extensions>rc;ico;cur;bmp;dlg;rc2;rct;bin;rgs;gif;jpg;jpeg;jpe;resx;tiff;tif;png;wav;mfcribbon-ms</Extensions>
    </Filter>
  </ItemGroup>
  <ItemGroup>
    <ClCompile Include="tests\main.cpp">
      <Filter>Source Files</Filter>
    </ClCompile>
    <ClCompile Include="src\LuaConnect\Exceptions\LuaException.cpp">
      <Filter>Source Files</Filter>
    </ClCompile>
    <ClCompile Include="src\LuaConnect\Helpers\Balance.cpp">
      <Filter>Source Files</Filter>
    </ClCompile>
    <ClCompile Include="src\LuaConnect\Helpers\Ref.cpp">
      <Filter>Source Files</Filter>
    </ClCompile>
    <ClCompile Include="src\LuaConnect\Helpers\Stack.cpp">
      <Filter>Source Files</Filter>
    </ClCompile>
    <ClCompile Include="src\LuaConnect\Helpers\State.cpp">
      <Filter>Source Files</Filter>
    </ClCompile>
    <ClCompile Include="src\LuaConnect\Function.cpp">
      <Filter>Source Files</Filter>
    </ClCompile>
    <ClCompile Include="src\LuaConnect\Table.cpp">
      <Filter>Source Files</Filter>
    </ClCompile>
    <ClCompile Include="src\LuaConnect\Type.cpp">
      <Filter>Source Files</Filter>
    </ClCompile>
    <ClCompile Include="src\LuaConnect\VM.cpp">
      <Filter>Source Files</Filter>
    </ClCompile>
  </ItemGroup>
  <ItemGroup>
    <ClInclude Include="include\LuaConnect\Exceptions\LuaException.h">
      <Filter>Header Files</Filter>
    </ClInclude>
    <ClInclude Include="include\LuaConnect\Helpers\Balance.h">
      <Filter>Header Files</Filter>
    </ClInclude>
    <ClInclude Include="include\LuaConnect\Helpers\Headers.h">
      <Filter>Header Files</Filter>
    </ClInclude>
    <ClInclude Include="include\LuaConnect\Helpers\NonCopyable.h">
      <Filter>Header Files</Filter>
    </ClInclude>
    <ClInclude Include="include\LuaConnect\Helpers\Ref.h">
      <Filter>Header Files</Filter>
    </ClInclude>
    <ClInclude Include="include\LuaConnect\Helpers\Stack.h">
      <Filter>Header Files</Filter>
    </ClInclude>
    <ClInclude Include="include\LuaConnect\Helpers\State.h">
      <Filter>Header Files</Filter>
    </ClInclude>
    <ClInclude Include="include\LuaConnect\Helpers\Templates.h">
      <Filter>Header Files</Filter>
    </ClInclude>
    <ClInclude Include="include\LuaConnect\Config.h">
      <Filter>Header Files</Filter>
    </ClInclude>
    <ClInclude Include="include\LuaConnect\Function.h">
      <Filter>Header Files</Filter>
    </ClInclude>
    <ClInclude Include="include\LuaConnect\Table.h">
      <Filter>Header Files</Filter>
    </ClInclude>
    <ClInclude Include="include\LuaConnect\Type.h">
      <Filter>Header Files</Filter>
    </ClInclude>
    <ClInclude Include="include\LuaConnect\Userdata.h">
      <Filter>Header Files</Filter>
    </ClInclude>
    <ClInclude Include="include\LuaConnect\VM.h">
      <Filter>Header Files</Filter>
    </ClInclude>
  </ItemGroup>
  <ItemGroup>
    <None Include="include\LuaConnect\Helpers\Stack.inl">
      <Filter>Header Files</Filter>
    </None>
    <None Include="include\LuaConnect\Function.inl">
      <Filter>Header Files</Filter>
    </None>
    <None Include="include\LuaConnect\Table.inl">
      <Filter>Header Files</Filter>
    </None>
    <None Include="include\LuaConnect\Type.inl">
      <Filter>Header Files</Filter>
    </None>
    <None Include="include\LuaConnect\Userdata.inl">
      <Filter>Header Files</Filter>
    </None>
  </ItemGroup>
</Project>